{
  "name": "agentbazaar-scripts",
  "version": "1.0.0",
  "lockfileVersion": 3,
  "requires": true,
  "packages": {
    "": {
      "name": "agentbazaar-scripts",
      "version": "1.0.0",
      "dependencies": {
        "@lucid-evolution/lucid": "^0.3.8",
        "dotenv": "^16.0.0"
      },
      "devDependencies": {
        "ts-node": "^10.9.0",
        "tsx": "^4.0.0",
        "typescript": "^5"
      }
    },
    "node_modules/@anastasia-labs/cardano-multiplatform-lib-browser": {
      "version": "6.0.2-2",
      "resolved": "https://registry.npmjs.org/@anastasia-labs/cardano-multiplatform-lib-browser/-/cardano-multiplatform-lib-browser-6.0.2-2.tgz",
      "integrity": "sha512-sSPPjO1Zye82YVqrUGIKrli/Zt2pPkZkQd/jv9k6AzjIZdNPD3hvuB2yH6RHeZUO8+K57bu9r7Rlyf7VGbhhTQ==",
      "license": "MIT"
    },
    "node_modules/@anastasia-labs/cardano-multiplatform-lib-nodejs": {
      "version": "6.0.2-2",
      "resolved": "https://registry.npmjs.org/@anastasia-labs/cardano-multiplatform-lib-nodejs/-/cardano-multiplatform-lib-nodejs-6.0.2-2.tgz",
      "integrity": "sha512-KLYHyJWtFsTUUbIVz9dn5GiCbI4Mrx5mRpDWXa3lVLWFKok6AkvYlyHk4OH4NNa4JBerrHTB6ZJrk75UgKAaMA==",
      "license": "MIT"
    },
    "node_modules/@cspotcode/source-map-support": {
      "version": "0.8.1",
      "resolved": "https://registry.npmjs.org/@cspotcode/source-map-support/-/source-map-support-0.8.1.tgz",
      "integrity": "sha512-IchNf6dN4tHoMFIn/7OE8LWZ19Y6q/67Bmf6vnGREv8RSbBVb9LPJxEcnwrcwX6ixSvaiGoomAUvu4YSxXrVgw==",
      "dev": true,
      "license": "MIT",
      "dependencies": {
        "@jridgewell/trace-mapping": "0.3.9"
      },
      "engines": {
        "node": ">=12"
      }
    },
    "node_modules/@effect/schema": {
      "version": "0.66.16",
      "resolved": "https://registry.npmjs.org/@effect/schema/-/schema-0.66.16.tgz",
      "integrity": "sha512-sT/k5NOgKslGPzs3DUaCFuM6g2JQoIIT8jpwEorAZooplPIMK2xIspr7ECz6pp6Dc7Wz/ppXGk7HVyGZQsIYEQ==",
      "deprecated": "this package has been merged into the main effect package",
      "license": "MIT",
      "peerDependencies": {
        "effect": "^3.1.3",
        "fast-check": "^3.13.2"
      }
    },
    "node_modules/@emurgo/cardano-message-signing-browser": {
      "version": "1.1.0",
      "resolved": "https://registry.npmjs.org/@emurgo/cardano-message-signing-browser/-/cardano-message-signing-browser-1.1.0.tgz",
      "integrity": "sha512-LyeiGIqCyZu9DZnKsi4wlBjZA1MN+uy3Cqpb5J6RZWvFXDJnCoxrYB/EixUiGRD/la4WsldBgtPsrIHyGsVkpg==",
      "license": "MIT"
    },
    "node_modules/@emurgo/cardano-message-signing-nodejs": {
      "version": "1.1.0",
      "resolved": "https://registry.npmjs.org/@emurgo/cardano-message-signing-nodejs/-/cardano-message-signing-nodejs-1.1.0.tgz",
      "integrity": "sha512-PQRc8K8wZshEdmQenNUzVtiI8oJNF/1uAnBhidee5C4o1l2mDLOW+ur46HWHIFKQ6x8mSJTllcjMscHgzju0gQ==",
      "license": "MIT"
    },
    "node_modules/@esbuild/aix-ppc64": {
      "version": "0.28.1",
      "resolved": "https://registry.npmjs.org/@esbuild/aix-ppc64/-/aix-ppc64-0.28.1.tgz",
      "integrity": "sha512-Svl7tq8k/08+p6CXPpRjQ1fKX+1odH/BQbb48fV6fj3CWHhsoIOoY87w1oHXm0qEpkIK3ZfVgp0hed3XBXzXMQ==",
      "cpu": [
        "ppc64"
      ],
      "dev": true,
      "license": "MIT",
      "optional": true,
      "os": [
        "aix"
      ],
      "engines": {
        "node": ">=18"
      }
    },
    "node_modules/@esbuild/android-arm": {
      "version": "0.28.1",
      "resolved": "https://registry.npmjs.org/@esbuild/android-arm/-/android-arm-0.28.1.tgz",
      "integrity": "sha512-0k2F129Xdio1TdJfzJ8sy1Q47vUD2NnwdhiAf7drUN1EBTfPf4hsFCtmMgu/6m8JSzsBrlmVjudMBQqOfG8usQ==",
      "cpu": [
        "arm"
      ],
      "dev": true,
      "license": "MIT",
      "optional": true,
      "os": [
        "android"
      ],
      "engines": {
        "node": ">=18"
      }
    },
    "node_modules/@esbuild/android-arm64": {
      "version": "0.28.1",
      "resolved": "https://registry.npmjs.org/@esbuild/android-arm64/-/android-arm64-0.28.1.tgz",
      "integrity": "sha512-34EGEbCIAgosYz6goLcopX6Mo7NyGv9tfwEM2/7Ce2VcVRk568iSvniGWcUXIy7wEDR1wzolcxcriFVrWYcwBg==",
      "cpu": [
        "arm64"
      ],
      "dev": true,
      "license": "MIT",
      "optional": true,
      "os": [
        "android"
      ],
      "engines": {
        "node": ">=18"
      }
    },
    "node_modules/@esbuild/android-x64": {
      "version": "0.28.1",
      "resolved": "https://registry.npmjs.org/@esbuild/android-x64/-/android-x64-0.28.1.tgz",
      "integrity": "sha512-dbwY7ltSMDWsRatcRpCnES4F+im88OCUgGZjy52shC7GqHRE/cYlxNbB4Z4UpJswpcc4Qxd2oE/ufM0p61IKng==",
      "cpu": [
        "x64"
      ],
      "dev": true,
      "license": "MIT",
      "optional": true,
      "os": [
        "android"
      ],
      "engines": {
        "node": ">=18"
      }
    },
    "node_modules/@esbuild/darwin-arm64": {
      "version": "0.28.1",
      "resolved": "https://registry.npmjs.org/@esbuild/darwin-arm64/-/darwin-arm64-0.28.1.tgz",
      "integrity": "sha512-TZbWkQY7kvTAXbXUT7uVACR5cMHsDiSz9z7ZKAX/RTq/WJEk3QyRr0wZpNhBDX+/0CtdqUIJlOiodQcta6tY3Q==",
      "cpu": [
        "arm64"
      ],
      "dev": true,
      "license": "MIT",
      "optional": true,
      "os": [
        "darwin"
      ],
      "engines": {
        "node": ">=18"
      }
    },
    "node_modules/@esbuild/darwin-x64": {
      "version": "0.28.1",
      "resolved": "https://registry.npmjs.org/@esbuild/darwin-x64/-/darwin-x64-0.28.1.tgz",
      "integrity": "sha512-zfdzgK9ACBNZLI/CyHTOx81SyNbM6YXn7rxSgX97VjyiPl9W1i4Ka4fgKECEoFCKGpvBj5qArWIGgQjOwkgskQ==",
      "cpu": [
        "x64"
      ],
      "dev": true,
      "license": "MIT",
      "optional": true,
      "os": [
        "darwin"
      ],
      "engines": {
        "node": ">=18"
      }
    },
    "node_modules/@esbuild/freebsd-arm64": {
      "version": "0.28.1",
      "resolved": "https://registry.npmjs.org/@esbuild/freebsd-arm64/-/freebsd-arm64-0.28.1.tgz",
      "integrity": "sha512-wG2EA8ENdEI0qhkSZMjfqrdY+ziCYCPMmtZjjIwOmXFjmyzEHn+UUxk5of+SYsjtfs3VpnlC7QLzSI5hY/rOAw==",
      "cpu": [
        "arm64"
      ],
      "dev": true,
      "license": "MIT",
      "optional": true,
      "os": [
        "freebsd"
      ],
      "engines": {
        "node": ">=18"
      }
    },
    "node_modules/@esbuild/freebsd-x64": {
      "version": "0.28.1",
      "resolved": "https://registry.npmjs.org/@esbuild/freebsd-x64/-/freebsd-x64-0.28.1.tgz",
      "integrity": "sha512-i7dZ9vQgnvSCzi/rYCXNgtF/U+eKZNJBzu3eTQbRgHnM7tNSizLOkRFAl3qzVc/Op/u5YkHHa4pf/3DOYHthLQ==",
      "cpu": [
        "x64"
      ],
      "dev": true,
      "license": "MIT",
      "optional": true,
      "os": [
        "freebsd"
      ],
      "engines": {
        "node": ">=18"
      }
    },
    "node_modules/@esbuild/linux-arm": {
      "version": "0.28.1",
      "resolved": "https://registry.npmjs.org/@esbuild/linux-arm/-/linux-arm-0.28.1.tgz",
      "integrity": "sha512-qVXBOHQS+d5Y722GwJzJUtOLlX7km3CraOaGormF1pDtPd2C/l1SHRPgjLunLGe51Sh5YYWKMFDyV4SxgMQYTQ==",
      "cpu": [
        "arm"
      ],
      "dev": true,
      "license": "MIT",
      "optional": true,
      "os": [
        "linux"
      ],
      "engines": {
        "node": ">=18"
      }
    },
    "node_modules/@esbuild/linux-arm64": {
      "version": "0.28.1",
      "resolved": "https://registry.npmjs.org/@esbuild/linux-arm64/-/linux-arm64-0.28.1.tgz",
      "integrity": "sha512-yHs+0uc8+nvEAfAfxrWQKK5peSNzBc4PegcMO0EJ2hT71uA7vB8Ihg2e77R2P7SG5uYjPbHlLLmve4LLLRCf0g==",
      "cpu": [
        "arm64"
      ],
      "dev": true,
      "license": "MIT",
      "optional": true,
      "os": [
        "linux"
      ],
      "engines": {
        "node": ">=18"
      }
    },
    "node_modules/@esbuild/linux-ia32": {
      "version": "0.28.1",
      "resolved": "https://registry.npmjs.org/@esbuild/linux-ia32/-/linux-ia32-0.28.1.tgz",
      "integrity": "sha512-d1z4ZuP0ajrfz/FhGT4vv278rX8KnPPJx8i5+AtK7TYbx9Le9F1hyzurZpkEyjkGa9dUGhQow4C1NmeGvqxN2w==",
      "cpu": [
        "ia32"
      ],
      "dev": true,
      "license": "MIT",
      "optional": true,
      "os": [
        "linux"
      ],
      "engines": {
        "node": ">=18"
      }
    },
    "node_modules/@esbuild/linux-loong64": {
      "version": "0.28.1",
      "resolved": "https://registry.npmjs.org/@esbuild/linux-loong64/-/linux-loong64-0.28.1.tgz",
      "integrity": "sha512-M5sRjUVZrkm1OAPR3dlOYzNmN+loZKGVi1VUQGrwuqLcbR6qeAz+famMhjASeH3YVKvZz+zT1jlh/keC3Rj/lg==",
      "cpu": [
        "loong64"
      ],
      "dev": true,
      "license": "MIT",
      "optional": true,
      "os": [
        "linux"
      ],
      "engines": {
        "node": ">=18"
      }
    },
    "node_modules/@esbuild/linux-mips64el": {
      "version": "0.28.1",
      "resolved": "https://registry.npmjs.org/@esbuild/linux-mips64el/-/linux-mips64el-0.28.1.tgz",
      "integrity": "sha512-mRObBZeHh2OxcBFPWE/FjylkRgZdYuiTR3vaTozquCGOH14iP9oN4x4Ge81CoIDYQrXmIxpFumJBu5MtZpnQJQ==",
      "cpu": [
        "mips64el"
      ],
      "dev": true,
      "license": "MIT",
      "optional": true,
      "os": [
        "linux"
      ],
      "engines": {
        "node": ">=18"
      }
    },
    "node_modules/@esbuild/linux-ppc64": {
      "version": "0.28.1",
      "resolved": "https://registry.npmjs.org/@esbuild/linux-ppc64/-/linux-ppc64-0.28.1.tgz",
      "integrity": "sha512-slScBsMAb3GFDcdrCgLwZtPYRoH2H/youv10QiZyRjmsP48fznoveWytSgCI/R0ZcUgpc0ZhIUEx6LHts8yrfQ==",
      "cpu": [
        "ppc64"
      ],
      "dev": true,
      "license": "MIT",
      "optional": true,
      "os": [
        "linux"
      ],
      "engines": {
        "node": ">=18"
      }
    },
    "node_modules/@esbuild/linux-riscv64": {
      "version": "0.28.1",
      "resolved": "https://registry.npmjs.org/@esbuild/linux-riscv64/-/linux-riscv64-0.28.1.tgz",
      "integrity": "sha512-kw0owk1o0GFETUJyW0jc0G4Yzs0BHZn0JDZ8JRT088vjJYX777BAs1fDGxAC+q831qOs2DTC96mNsG2opdfyyQ==",
      "cpu": [
        "riscv64"
      ],
      "dev": true,
      "license": "MIT",
      "optional": true,
      "os": [
        "linux"
      ],
      "engines": {
        "node": ">=18"
      }
    },
    "node_modules/@esbuild/linux-s390x": {
      "version": "0.28.1",
      "resolved": "https://registry.npmjs.org/@esbuild/linux-s390x/-/linux-s390x-0.28.1.tgz",
      "integrity": "sha512-/lAIjX8aYFRByhh6L5rYtPEDRqa9de/4V/juOXcta5frjvzXO4/sqEtyytse0g3zZFuWu5cDN0MkLz2qRDD2Ag==",
      "cpu": [
        "s390x"
      ],
      "dev": true,
      "license": "MIT",
      "optional": true,
      "os": [
        "linux"
      ],
      "engines": {
        "node": ">=18"
      }
    },
    "node_modules/@esbuild/linux-x64": {
      "version": "0.28.1",
      "resolved": "https://registry.npmjs.org/@esbuild/linux-x64/-/linux-x64-0.28.1.tgz",
      "integrity": "sha512-u/anNYF2mmVOEDwLtnQ1wOr3EZ9sTNGLWrsYGYwHWzGA3Si84IOkHXlbWTD1NB+9/1lcnweYKO54uhxZydNzfA==",
      "cpu": [
        "x64"
      ],
      "dev": true,
      "license": "MIT",
      "optional": true,
      "os": [
        "linux"
      ],
      "engines": {
        "node": ">=18"
      }
    },
    "node_modules/@esbuild/netbsd-arm64": {
      "version": "0.28.1",
      "resolved": "https://registry.npmjs.org/@esbuild/netbsd-arm64/-/netbsd-arm64-0.28.1.tgz",
      "integrity": "sha512-oks0DYbLwWMmaakTsCb+zL4E+aHRVLom9IJZOAthMQEPiQmydXHkziYEsGYRx0uNV/IjEKGAV941JzH02pflqw==",
      "cpu": [
        "arm64"
      ],
      "dev": true,
      "license": "MIT",
      "optional": true,
      "os": [
        "netbsd"
      ],
      "engines": {
        "node": ">=18"
      }
    },
    "node_modules/@esbuild/netbsd-x64": {
      "version": "0.28.1",
      "resolved": "https://registry.npmjs.org/@esbuild/netbsd-x64/-/netbsd-x64-0.28.1.tgz",
      "integrity": "sha512-aeL6lAnN89Hz43Mlh1G8ARasbuoYvSITDEx0tHh5b7jJnHcssqgjy9Yx430GDpmCa6OyrKoS0aNRjKundRizGg==",
      "cpu": [
        "x64"
      ],
      "dev": true,
      "license": "MIT",
      "optional": true,
      "os": [
        "netbsd"
      ],
      "engines": {
        "node": ">=18"
      }
    },
    "node_modules/@esbuild/openbsd-arm64": {
      "version": "0.28.1",
      "resolved": "https://registry.npmjs.org/@esbuild/openbsd-arm64/-/openbsd-arm64-0.28.1.tgz",
      "integrity": "sha512-MEFJe5C3R8pwXdZ5Y21oo6m7ePiS0d9pWucn99O/wvyJZChoIQKrQDxKrGeW8F5+T0okTHesAmDeiHDTIq0V/Q==",
      "cpu": [
        "arm64"
      ],
      "dev": true,
      "license": "MIT",
      "optional": true,
      "os": [
        "openbsd"
      ],
      "engines": {
        "node": ">=18"
      }
    },
    "node_modules/@esbuild/openbsd-x64": {
      "version": "0.28.1",
      "resolved": "https://registry.npmjs.org/@esbuild/openbsd-x64/-/openbsd-x64-0.28.1.tgz",
      "integrity": "sha512-i/ZLIOafE0Z8cI/XANJAixoJL/uRAoS2xOA3rb0xN+KK0K177cMAsQYkzHtBrtMXAKuAc7HGgcWiZ/sRC1Nxgw==",
      "cpu": [
        "x64"
      ],
      "dev": true,
      "license": "MIT",
      "optional": true,
      "os": [
        "openbsd"
      ],
      "engines": {
        "node": ">=18"
      }
    },
    "node_modules/@esbuild/openharmony-arm64": {
      "version": "0.28.1",
      "resolved": "https://registry.npmjs.org/@esbuild/openharmony-arm64/-/openharmony-arm64-0.28.1.tgz",
      "integrity": "sha512-ge+Z7EXFNt2BO1oAMsVpiQ8EwndV9i1xXerAeTIK7AtPs3bKFXQM7nlRxDSIUIMeueR1CNXxqztLzdNeReKBJg==",
      "cpu": [
        "arm64"
      ],
      "dev": true,
      "license": "MIT",
      "optional": true,
      "os": [
        "openharmony"
      ],
      "engines": {
        "node": ">=18"
      }
    },
    "node_modules/@esbuild/sunos-x64": {
      "version": "0.28.1",
      "resolved": "https://registry.npmjs.org/@esbuild/sunos-x64/-/sunos-x64-0.28.1.tgz",
      "integrity": "sha512-BEjgtECkL3vY+SaSQ6nzVfiALUeFxpawyp8Jmf5PtYhf1Ug40N1h/hxlhts+f1FvSvarEigdxS3BlSMI2PJLcQ==",
      "cpu": [
        "x64"
      ],
      "dev": true,
      "license": "MIT",
      "optional": true,
      "os": [
        "sunos"
      ],
      "engines": {
        "node": ">=18"
      }
    },
    "node_modules/@esbuild/win32-arm64": {
      "version": "0.28.1",
      "resolved": "https://registry.npmjs.org/@esbuild/win32-arm64/-/win32-arm64-0.28.1.tgz",
      "integrity": "sha512-lCv9eK/H6ZJWbE7bh2nw54CZ9M2nupBxJcTsdk/QQnWkdSjKGuxmmH8/GWrlT1eMmZfn4dGcCjRte397WqfQXA==",
      "cpu": [
        "arm64"
      ],
      "dev": true,
      "license": "MIT",
      "optional": true,
      "os": [
        "win32"
      ],
      "engines": {
        "node": ">=18"
      }
    },
    "node_modules/@esbuild/win32-ia32": {
      "version": "0.28.1",
      "resolved": "https://registry.npmjs.org/@esbuild/win32-ia32/-/win32-ia32-0.28.1.tgz",
      "integrity": "sha512-zvb/mB2bSCoJOpoCBgYKKpX6YM6mJBlBUVUtVj41DlZJVEB6/0CKlRYxP5wWl1C1ILiCoAU5wZZ4q1P3qeS6Eg==",
      "cpu": [
        "ia32"
      ],
      "dev": true,
      "license": "MIT",
      "optional": true,
      "os": [
        "win32"
      ],
      "engines": {
        "node": ">=18"
      }
    },
    "node_modules/@esbuild/win32-x64": {
      "version": "0.28.1",
      "resolved": "https://registry.npmjs.org/@esbuild/win32-x64/-/win32-x64-0.28.1.tgz",
      "integrity": "sha512-bm4Mowrv+GXMlpWX++EcXw/iLyd1o3+bJkC2DkWXYVvgZCqD/bSj9ctZeAMC3cIxgjRVR2Dufaiu4YPxr5gW1A==",
      "cpu": [
        "x64"
      ],
      "dev": true,
      "license": "MIT",
      "optional": true,
      "os": [
        "win32"
      ],
      "engines": {
        "node": ">=18"
      }
    },
    "node_modules/@harmoniclabs/bigint-utils": {
      "version": "1.0.0",
      "resolved": "https://registry.npmjs.org/@harmoniclabs/bigint-utils/-/bigint-utils-1.0.0.tgz",
      "integrity": "sha512-OhZMHcdtH2hHKMlxWFHf71PmKHdoi9ARpjS9mUu0/cd8VWDDjT7VQoQwC5NN/68iyO4O5Dojrvrp9tjG5BDABA==",
      "license": "Apache-2.0",
      "dependencies": {
        "@harmoniclabs/uint8array-utils": "^1.0.0"
      }
    },
    "node_modules/@harmoniclabs/biguint": {
      "version": "1.0.0",
      "resolved": "https://registry.npmjs.org/@harmoniclabs/biguint/-/biguint-1.0.0.tgz",
      "integrity": "sha512-5DyCIBDL4W+7ffR1IJSbGrCG4xEYxAlFH5gCNF42qtyL5ltwZ92Ae1MyXpHM2TUPy7ocSTqlLUsOdy+SvqVVPw==",
      "license": "Apache-2.0"
    },
    "node_modules/@harmoniclabs/bitstream": {
      "version": "1.0.0",
      "resolved": "https://registry.npmjs.org/@harmoniclabs/bitstream/-/bitstream-1.0.0.tgz",
      "integrity": "sha512-Ed/I46IuCiytE5QiMmmUo9kPJcypM7OuUqoRaAXUALL5C6LKLpT6kYE1qeuhLkx2/WvkHT18jcOX6jhM/nmqoA==",
      "license": "MIT",
      "dependencies": {
        "@harmoniclabs/uint8array-utils": "^1.0.0"
      }
    },
    "node_modules/@harmoniclabs/bytestring": {
      "version": "1.0.0",
      "resolved": "https://registry.npmjs.org/@harmoniclabs/bytestring/-/bytestring-1.0.0.tgz",
      "integrity": "sha512-d5m10O0okKc6QNX0pSRriFTkk/kNMnMBGbo5X3kEZwKaXTI4tDVoTZBL7bwbYHwOEdSxWJjVtlO9xtB7ZrYZNg==",
      "license": "Apache-2.0",
      "peer": true,
      "dependencies": {
        "@harmoniclabs/uint8array-utils": "^1.0.0"
      }
    },
    "node_modules/@harmoniclabs/cbor": {
      "version": "1.6.6",
      "resolved": "https://registry.npmjs.org/@harmoniclabs/cbor/-/cbor-1.6.6.tgz",
      "integrity": "sha512-nOcts7PhkKCbqPKwP3/IsIQACwJvqchpT88cwvKspB+oR09YfB1LC1NrUTsFg1DusLRydVsOwR07KgYTF5uNOA==",
      "license": "Apache-2.0",
      "peer": true,
      "dependencies": {
        "@harmoniclabs/bytestring": "^1.0.0",
        "@harmoniclabs/obj-utils": "^1.0.0",
        "@harmoniclabs/uint8array-utils": "^1.0.3"
      },
      "funding": {
        "url": "https://github.com/sponsors/HarmonicLabs"
      }
    },
    "node_modules/@harmoniclabs/crypto": {
      "version": "0.3.0",
      "resolved": "https://registry.npmjs.org/@harmoniclabs/crypto/-/crypto-0.3.0.tgz",
      "integrity": "sha512-UvmGQOLFVFhRIDYLpcWbPQLXl9advCt0h02Z/BtBuXtHiy35WRxKQ3njcUKI0v6zGITuvqQhsf6VOPMeekLdeA==",
      "license": "MIT",
      "peer": true,
      "dependencies": {
        "@harmoniclabs/bitstream": "^1.0.0",
        "@harmoniclabs/uint8array-utils": "^1.0.3"
      }
    },
    "node_modules/@harmoniclabs/obj-utils": {
      "version": "1.0.0",
      "resolved": "https://registry.npmjs.org/@harmoniclabs/obj-utils/-/obj-utils-1.0.0.tgz",
      "integrity": "sha512-EO1bQBZAORrutcP+leP5YNDwNd/9TOE23VEvs3ktniXg6w0knUrLjUIl2Pkcbs/D1VQxqmsNpXho+vaMj00qxA==",
      "license": "MIT",
      "peer": true
    },
    "node_modules/@harmoniclabs/pair": {
      "version": "1.0.0",
      "resolved": "https://registry.npmjs.org/@harmoniclabs/pair/-/pair-1.0.0.tgz",
      "integrity": "sha512-D9OBowsUsy1LctHxWzd9AngTzoo5x3rBiJ0gu579t41Q23pb+VNx1euEfluUEiaYbgljcl1lb/4D1fFTZd1tRQ==",
      "license": "MIT",
      "peer": true
    },
    "node_modules/@harmoniclabs/plutus-data": {
      "version": "1.2.6",
      "resolved": "https://registry.npmjs.org/@harmoniclabs/plutus-data/-/plutus-data-1.2.6.tgz",
      "integrity": "sha512-rF046GZ07XDpjZBNybALKYSycjxCLzXKbhLylu9pRuZiii5fVXReEfgtLB29TsPBvGY6ZBeiyHgJnLgm+huZBw==",
      "license": "Apache-2.0",
      "dependencies": {
        "@harmoniclabs/biguint": "^1.0.0",
        "@harmoniclabs/crypto": "^0.2.4",
        "@harmoniclabs/uint8array-utils": "^1.0.0"
      },
      "peerDependencies": {
        "@harmoniclabs/bytestring": "^1.0.0",
        "@harmoniclabs/cbor": "^1.3.0"
      }
    },
    "node_modules/@harmoniclabs/plutus-data/node_modules/@harmoniclabs/crypto": {
      "version": "0.2.5",
      "resolved": "https://registry.npmjs.org/@harmoniclabs/crypto/-/crypto-0.2.5.tgz",
      "integrity": "sha512-t2saWMFWBx8tOHotiYTTfQKhPGpWT4AMLXxq3u0apShVXNV0vgL0gEgSMudBjES/wrKByCqa2xmU70gadz26hA==",
      "license": "MIT",
      "dependencies": {
        "@harmoniclabs/bitstream": "^1.0.0",
        "@harmoniclabs/uint8array-utils": "^1.0.3"
      }
    },
    "node_modules/@harmoniclabs/uint8array-utils": {
      "version": "1.0.4",
      "resolved": "https://registry.npmjs.org/@harmoniclabs/uint8array-utils/-/uint8array-utils-1.0.4.tgz",
      "integrity": "sha512-Z454prSbX4geXGHyjjcn9vm6u9NsD3VJykv8f8yE1VjIXSPitaLPEnm8u2+B+GMp1chYlLilOq+kW4OvJ6y28A==",
      "license": "Apache-2.0"
    },
    "node_modules/@harmoniclabs/uplc": {
      "version": "1.4.1",
      "resolved": "https://registry.npmjs.org/@harmoniclabs/uplc/-/uplc-1.4.1.tgz",
      "integrity": "sha512-sELKStjxPBPBxBMylU4oBSUe0/8eJe2HqRblNSwrMu8Fso4YpSPDqHZ33iDZ8QAadVUsT5r2EQKX0TLrj7qXvQ==",
      "license": "Apache-2.0",
      "dependencies": {
        "@harmoniclabs/bigint-utils": "^1.0.0",
        "@harmoniclabs/uint8array-utils": "^1.0.3"
      },
      "funding": {
        "url": "https://github.com/sponsors/HarmonicLabs"
      },
      "peerDependencies": {
        "@harmoniclabs/bytestring": "^1.0.0",
        "@harmoniclabs/cbor": "^1.3.0",
        "@harmoniclabs/crypto": "^0.3.0-dev0",
        "@harmoniclabs/pair": "^1.0.0",
        "@harmoniclabs/plutus-data": "^1.2.4"
      }
    },
    "node_modules/@jridgewell/resolve-uri": {
      "version": "3.1.2",
      "resolved": "https://registry.npmjs.org/@jridgewell/resolve-uri/-/resolve-uri-3.1.2.tgz",
      "integrity": "sha512-bRISgCIjP20/tbWSPWMEi54QVPRZExkuD9lJL+UIxUKtwVJA8wW1Trb1jMs1RFXo1CBTNZ/5hpC9QvmKWdopKw==",
      "dev": true,
      "license": "MIT",
      "engines": {
        "node": ">=6.0.0"
      }
    },
    "node_modules/@jridgewell/sourcemap-codec": {
      "version": "1.5.5",
      "resolved": "https://registry.npmjs.org/@jridgewell/sourcemap-codec/-/sourcemap-codec-1.5.5.tgz",
      "integrity": "sha512-cYQ9310grqxueWbl+WuIUIaiUaDcj7WOq5fVhEljNVgRfOUhY9fy2zTvfoqWsnebh8Sl70VScFbICvJnLKB0Og==",
      "dev": true,
      "license": "MIT"
    },
    "node_modules/@jridgewell/trace-mapping": {
      "version": "0.3.9",
      "resolved": "https://registry.npmjs.org/@jridgewell/trace-mapping/-/trace-mapping-0.3.9.tgz",
      "integrity": "sha512-3Belt6tdc8bPgAtbcmdtNJlirVoTmEb5e2gC94PnkwEW9jI6CAHUeoG85tjWP5WquqfavoMtMwiG4P926ZKKuQ==",
      "dev": true,
      "license": "MIT",
      "dependencies": {
        "@jridgewell/resolve-uri": "^3.0.3",
        "@jridgewell/sourcemap-codec": "^1.4.10"
      }
    },
    "node_modules/@lucid-evolution/core-types": {
      "version": "0.1.21",
      "resolved": "https://registry.npmjs.org/@lucid-evolution/core-types/-/core-types-0.1.21.tgz",
      "integrity": "sha512-HPTU7eaWUNp1mmbbF46dyh6CLZNH8kLWyD1yu2OrPDWo5KfeF2EAXcnS3VsyjhjyFtzBLbsoQxjuy1j4jBY0zg==",
      "license": "MIT",
      "dependencies": {
        "@anastasia-labs/cardano-multiplatform-lib-browser": "6.0.2-2",
        "@anastasia-labs/cardano-multiplatform-lib-nodejs": "6.0.2-2"
      }
    },
    "node_modules/@lucid-evolution/core-utils": {
      "version": "0.1.16",
      "resolved": "https://registry.npmjs.org/@lucid-evolution/core-utils/-/core-utils-0.1.16.tgz",
      "integrity": "sha512-fNKZiGl1h6tf48bji067uxHZpDlhkrIDrwhZLt5DQC/c6GVdZb4TSvqgs7MOmMqp1dj9dy6NDYWnCHeTqZAhJw==",
      "license": "MIT",
      "dependencies": {
        "@anastasia-labs/cardano-multiplatform-lib-browser": "6.0.2-2",
        "@anastasia-labs/cardano-multiplatform-lib-nodejs": "6.0.2-2"
      }
    },
    "node_modules/@lucid-evolution/crc8": {
      "version": "0.1.8",
      "resolved": "https://registry.npmjs.org/@lucid-evolution/crc8/-/crc8-0.1.8.tgz",
      "integrity": "sha512-88+/S6n+sPgxYtG05rvbJDVb8MoFGzckkR3p26uGrzngYzlJGfxBWIzNhVwfI2mgINPo2C5lkZW3GYnfY0MjuA==",
      "license": "MIT"
    },
    "node_modules/@lucid-evolution/lucid": {
      "version": "0.3.53",
      "resolved": "https://registry.npmjs.org/@lucid-evolution/lucid/-/lucid-0.3.53.tgz",
      "integrity": "sha512-ZB/hrlCQpt/+/Lk6YeV6R4rZfSfeuzEVAJKTlMPh8yWMSx99AW4zBi9edGxZqFxp4WmU4P7oW8vVsiZhgknFyw==",
      "license": "MIT",
      "dependencies": {
        "@anastasia-labs/cardano-multiplatform-lib-browser": "6.0.2-2",
        "@anastasia-labs/cardano-multiplatform-lib-nodejs": "6.0.2-2",
        "@effect/schema": "^0.66.14",
        "@emurgo/cardano-message-signing-nodejs": "^1.0.1",
        "@lucid-evolution/core-types": "0.1.21",
        "@lucid-evolution/core-utils": "0.1.16",
        "@lucid-evolution/plutus": "0.1.28",
        "@lucid-evolution/provider": "0.1.70",
        "@lucid-evolution/sign_data": "0.1.24",
        "@lucid-evolution/uplc": "0.2.17",
        "@lucid-evolution/utils": "0.1.52",
        "@lucid-evolution/wallet": "0.1.58",
        "effect": "^3.5.6"
      }
    },
    "node_modules/@lucid-evolution/plutus": {
      "version": "0.1.28",
      "resolved": "https://registry.npmjs.org/@lucid-evolution/plutus/-/plutus-0.1.28.tgz",
      "integrity": "sha512-O8vOsed+U3dda32Y5iyvmnPUwuNR0K64RMow/fT+SUAcgDmTNVmXr63YG7lLrY165eC0DB/K6hsHMyqIF5DpBA==",
      "license": "MIT",
      "dependencies": {
        "@anastasia-labs/cardano-multiplatform-lib-browser": "6.0.2-2",
        "@anastasia-labs/cardano-multiplatform-lib-nodejs": "6.0.2-2",
        "@lucid-evolution/core-types": "0.1.21",
        "@lucid-evolution/core-utils": "0.1.16",
        "@sinclair/typebox": "^0.32.28"
      }
    },
    "node_modules/@lucid-evolution/provider": {
      "version": "0.1.70",
      "resolved": "https://registry.npmjs.org/@lucid-evolution/provider/-/provider-0.1.70.tgz",
      "integrity": "sha512-Iydq/kkOEFzW6vJQKk4MfTE2cjrkmhvCZhDsOXoI7wcOAb6lzyI2bRl5tbwvUeFevZMbrnj22s3STXfQTE/gjA==",
      "license": "MIT",
      "dependencies": {
        "@anastasia-labs/cardano-multiplatform-lib-browser": "6.0.2-2",
        "@anastasia-labs/cardano-multiplatform-lib-nodejs": "6.0.2-2",
        "@effect/platform": "^0.59.2",
        "@effect/schema": "^0.68.26",
        "@lucid-evolution/core-types": "0.1.21",
        "@lucid-evolution/core-utils": "0.1.16",
        "@lucid-evolution/utils": "0.1.52",
        "@lucid-evolution/wallet": "0.1.58",
        "effect": "^3.5.6"
      }
    },
    "node_modules/@lucid-evolution/provider/node_modules/@effect/platform": {
      "version": "0.59.3",
      "resolved": "https://registry.npmjs.org/@effect/platform/-/platform-0.59.3.tgz",
      "integrity": "sha512-DHR4Hl+hhTCzjs1ykRIyzwaala4JMtPVnReLea29hn+M3fKzloic7UpyCkTO7aJdFjthUtAKcW2mr2lDtuqlDA==",
      "license": "MIT",
      "dependencies": {
        "find-my-way-ts": "^0.1.5",
        "multipasta": "^0.2.2"
      },
      "peerDependencies": {
        "@effect/schema": "^0.68.27",
        "effect": "^3.5.7"
      }
    },
    "node_modules/@lucid-evolution/provider/node_modules/@effect/schema": {
      "version": "0.68.27",
      "resolved": "https://registry.npmjs.org/@effect/schema/-/schema-0.68.27.tgz",
      "integrity": "sha512-/rmIb+4QaQTecdTfeYSZtNikIV+BeIbYDl/hpgBTaS96en7pKNW5hcygFQhdocjKguIL7Y/be+oUrVafWV60ew==",
      "deprecated": "this package has been merged into the main effect package",
      "license": "MIT",
      "dependencies": {
        "fast-check": "^3.20.0"
      },
      "peerDependencies": {
        "effect": "^3.5.7"
      }
    },
    "node_modules/@lucid-evolution/sign_data": {
      "version": "0.1.24",
      "resolved": "https://registry.npmjs.org/@lucid-evolution/sign_data/-/sign_data-0.1.24.tgz",
      "integrity": "sha512-8K/FuSUYAffRB4JjjjAzjOUqUXDI+r3HyJIAETlJ8Kbo7SZe1IrX6bo82qjaK/WGK4w4kBcoheceWnnsiYPfrQ==",
      "license": "MIT",
      "dependencies": {
        "@anastasia-labs/cardano-multiplatform-lib-browser": "6.0.2-2",
        "@anastasia-labs/cardano-multiplatform-lib-nodejs": "6.0.2-2",
        "@emurgo/cardano-message-signing-browser": "^1.0.1",
        "@emurgo/cardano-message-signing-nodejs": "^1.0.1",
        "@lucid-evolution/core-types": "0.1.21",
        "@lucid-evolution/core-utils": "0.1.16"
      }
    },
    "node_modules/@lucid-evolution/uplc": {
      "version": "0.2.17",
      "resolved": "https://registry.npmjs.org/@lucid-evolution/uplc/-/uplc-0.2.17.tgz",
      "integrity": "sha512-Bc9SM7EF9B9hdXfDKQLyeqT3s7MiNzO3qXNydUN+gZ3lcwCSMHDVW138cL9/5u/rUz8enD8oR/Tz2FHlYkOq+Q=="
    },
    "node_modules/@lucid-evolution/utils": {
      "version": "0.1.52",
      "resolved": "https://registry.npmjs.org/@lucid-evolution/utils/-/utils-0.1.52.tgz",
      "integrity": "sha512-39L/WdzbWqkDAffBJKWslzRdDO3QdQGC50lL8w7Mcqow/ebrb6sCRxxnbO9CCnEwH/CzLcKdFFxOnfuIfK5vsw==",
      "license": "MIT",
      "dependencies": {
        "@anastasia-labs/cardano-multiplatform-lib-browser": "6.0.2-2",
        "@anastasia-labs/cardano-multiplatform-lib-nodejs": "6.0.2-2",
        "@effect/schema": "^0.68.16",
        "@harmoniclabs/plutus-data": "^1.2.4",
        "@harmoniclabs/uplc": "^1.2.4",
        "@lucid-evolution/core-types": "0.1.21",
        "@lucid-evolution/core-utils": "0.1.16",
        "@lucid-evolution/crc8": "0.1.8",
        "@lucid-evolution/plutus": "0.1.28",
        "@lucid-evolution/uplc": "0.2.17",
        "bip39": "^3.1.0",
        "cborg": "^4.2.0",
        "effect": "^3.1.2"
      }
    },
    "node_modules/@lucid-evolution/utils/node_modules/@effect/schema": {
      "version": "0.68.27",
      "resolved": "https://registry.npmjs.org/@effect/schema/-/schema-0.68.27.tgz",
      "integrity": "sha512-/rmIb+4QaQTecdTfeYSZtNikIV+BeIbYDl/hpgBTaS96en7pKNW5hcygFQhdocjKguIL7Y/be+oUrVafWV60ew==",
      "deprecated": "this package has been merged into the main effect package",
      "license": "MIT",
      "dependencies": {
        "fast-check": "^3.20.0"
      },
      "peerDependencies": {
        "effect": "^3.5.7"
      }
    },
    "node_modules/@lucid-evolution/wallet": {
      "version": "0.1.58",
      "resolved": "https://registry.npmjs.org/@lucid-evolution/wallet/-/wallet-0.1.58.tgz",
      "integrity": "sha512-edt7d7kTD/l1jjluomX0ytOHc27F4ZpW+J+R3GaZuupW+I/0Gs4MV/yhLGaGuZV52I5xjHOc+qd+pg5WHOPhgw==",
      "license": "MIT",
      "dependencies": {
        "@anastasia-labs/cardano-multiplatform-lib-browser": "6.0.2-2",
        "@anastasia-labs/cardano-multiplatform-lib-nodejs": "6.0.2-2",
        "@lucid-evolution/core-types": "0.1.21",
        "@lucid-evolution/core-utils": "0.1.16",
        "@lucid-evolution/sign_data": "0.1.24",
        "@lucid-evolution/utils": "0.1.52",
        "bip39": "^3.1.0"
      }
    },
    "node_modules/@noble/hashes": {
      "version": "1.8.0",
      "resolved": "https://registry.npmjs.org/@noble/hashes/-/hashes-1.8.0.tgz",
      "integrity": "sha512-jCs9ldd7NwzpgXDIf6P3+NrHh9/sD6CQdxHyjQI+h/6rDNo88ypBxxz45UDuZHz9r3tNz7N/VInSVoVdtXEI4A==",
      "license": "MIT",
      "engines": {
        "node": "^14.21.3 || >=16"
      },
      "funding": {
        "url": "https://paulmillr.com/funding/"
      }
    },
    "node_modules/@sinclair/typebox": {
      "version": "0.32.35",
      "resolved": "https://registry.npmjs.org/@sinclair/typebox/-/typebox-0.32.35.tgz",
      "integrity": "sha512-Ul3YyOTU++to8cgNkttakC0dWvpERr6RYoHO2W47DLbFvrwBDJUY31B1sImH6JZSYc4Kt4PyHtoPNu+vL2r2dA==",
      "license": "MIT"
    },
    "node_modules/@standard-schema/spec": {
      "version": "1.1.0",
      "resolved": "https://registry.npmjs.org/@standard-schema/spec/-/spec-1.1.0.tgz",
      "integrity": "sha512-l2aFy5jALhniG5HgqrD6jXLi/rUWrKvqN/qJx6yoJsgKhblVd+iqqU4RCXavm/jPityDo5TCvKMnpjKnOriy0w==",
      "license": "MIT"
    },
    "node_modules/@tsconfig/node10": {
      "version": "1.0.12",
      "resolved": "https://registry.npmjs.org/@tsconfig/node10/-/node10-1.0.12.tgz",
      "integrity": "sha512-UCYBaeFvM11aU2y3YPZ//O5Rhj+xKyzy7mvcIoAjASbigy8mHMryP5cK7dgjlz2hWxh1g5pLw084E0a/wlUSFQ==",
      "dev": true,
      "license": "MIT"
    },
    "node_modules/@tsconfig/node12": {
      "version": "1.0.11",
      "resolved": "https://registry.npmjs.org/@tsconfig/node12/-/node12-1.0.11.tgz",
      "integrity": "sha512-cqefuRsh12pWyGsIoBKJA9luFu3mRxCA+ORZvA4ktLSzIuCUtWVxGIuXigEwO5/ywWFMZ2QEGKWvkZG1zDMTag==",
      "dev": true,
      "license": "MIT"
    },
    "node_modules/@tsconfig/node14": {
      "version": "1.0.3",
      "resolved": "https://registry.npmjs.org/@tsconfig/node14/-/node14-1.0.3.tgz",
      "integrity": "sha512-ysT8mhdixWK6Hw3i1V2AeRqZ5WfXg1G43mqoYlM2nc6388Fq5jcXyr5mRsqViLx/GJYdoL0bfXD8nmF+Zn/Iow==",
      "dev": true,
      "license": "MIT"
    },
    "node_modules/@tsconfig/node16": {
      "version": "1.0.4",
      "resolved": "https://registry.npmjs.org/@tsconfig/node16/-/node16-1.0.4.tgz",
      "integrity": "sha512-vxhUy4J8lyeyinH7Azl1pdd43GJhZH/tP2weN8TntQblOY+A0XbT8DJk1/oCPuOOyg/Ja757rG0CgHcWC8OfMA==",
      "dev": true,
      "license": "MIT"
    },
    "node_modules/@types/node": {
      "version": "26.1.1",
      "resolved": "https://registry.npmjs.org/@types/node/-/node-26.1.1.tgz",
      "integrity": "sha512-nxAkRSVkN1Y0JC1W8ky/fTfkGsMmcrRsbx+3XoZE+rMOX71kLYTV7fLXpqud1GpbpP5TuffXFqfX7fH2GgZREw==",
      "dev": true,
      "license": "MIT",
      "peer": true,
      "dependencies": {
        "undici-types": "~8.3.0"
      }
    },
    "node_modules/acorn": {
      "version": "8.17.0",
      "resolved": "https://registry.npmjs.org/acorn/-/acorn-8.17.0.tgz",
      "integrity": "sha512-xRQbDb9BnwDafYNn6Vwl839DYVjqXYb1XVGtWAZ1kcDc6iwAL4hg3B1dZlRiuENFeO2H53gFG3in621AdERVAg==",
      "dev": true,
      "license": "MIT",
      "bin": {
        "acorn": "bin/acorn"
      },
      "engines": {
        "node": ">=0.4.0"
      }
    },
    "node_modules/acorn-walk": {
      "version": "8.3.5",
      "resolved": "https://registry.npmjs.org/acorn-walk/-/acorn-walk-8.3.5.tgz",
      "integrity": "sha512-HEHNfbars9v4pgpW6SO1KSPkfoS0xVOM/9UzkJltjlsHZmJasxg8aXkuZa7SMf8vKGIBhpUsPluQSqhJFCqebw==",
      "dev": true,
      "license": "MIT",
      "dependencies": {
        "acorn": "^8.11.0"
      },
      "engines": {
        "node": ">=0.4.0"
      }
    },
    "node_modules/arg": {
      "version": "4.1.3",
      "resolved": "https://registry.npmjs.org/arg/-/arg-4.1.3.tgz",
      "integrity": "sha512-58S9QDqG0Xx27YwPSt9fJxivjYl432YCwfDMfZ+71RAqUrZef7LrKQZ3LHLOwCS4FLNBplP533Zx895SeOCHvA==",
      "dev": true,
      "license": "MIT"
    },
    "node_modules/bip39": {
      "version": "3.1.0",
      "resolved": "https://registry.npmjs.org/bip39/-/bip39-3.1.0.tgz",
      "integrity": "sha512-c9kiwdk45Do5GL0vJMe7tS95VjCii65mYAH7DfWl3uW8AVzXKQVUm64i3hzVybBDMp9r7j9iNxR85+ul8MdN/A==",
      "license": "ISC",
      "dependencies": {
        "@noble/hashes": "^1.2.0"
      }
    },
    "node_modules/cborg": {
      "version": "4.5.8",
      "resolved": "https://registry.npmjs.org/cborg/-/cborg-4.5.8.tgz",
      "integrity": "sha512-6/viltD51JklRhq4L7jC3zgy6gryuG5xfZ3kzpE+PravtyeQLeQmCYLREhQH7pWENg5pY4Yu/XCd6a7dKScVlw==",
      "license": "Apache-2.0",
      "bin": {
        "cborg": "lib/bin.js"
      }
    },
    "node_modules/create-require": {
      "version": "1.1.1",
      "resolved": "https://registry.npmjs.org/create-require/-/create-require-1.1.1.tgz",
      "integrity": "sha512-dcKFX3jn0MpIaXjisoRvexIJVEKzaq7z2rZKxf+MSr9TkdmHmsU4m2lcLojrj/FHl8mk5VxMmYA+ftRkP/3oKQ==",
      "dev": true,
      "license": "MIT"
    },
    "node_modules/diff": {
      "version": "4.0.4",
      "resolved": "https://registry.npmjs.org/diff/-/diff-4.0.4.tgz",
      "integrity": "sha512-X07nttJQkwkfKfvTPG/KSnE2OMdcUCao6+eXF3wmnIQRn2aPAHH3VxDbDOdegkd6JbPsXqShpvEOHfAT+nCNwQ==",
      "dev": true,
      "license": "BSD-3-Clause",
      "engines": {
        "node": ">=0.3.1"
      }
    },
    "node_modules/dotenv": {
      "version": "16.6.1",
      "resolved": "https://registry.npmjs.org/dotenv/-/dotenv-16.6.1.tgz",
      "integrity": "sha512-uBq4egWHTcTt33a72vpSG0z3HnPuIl6NqYcTrKEg2azoEyl2hpW0zqlxysq2pK9HlDIHyHyakeYaYnSAwd8bow==",
      "license": "BSD-2-Clause",
      "engines": {
        "node": ">=12"
      },
      "funding": {
        "url": "https://dotenvx.com"
      }
    },
    "node_modules/effect": {
      "version": "3.21.4",
      "resolved": "https://registry.npmjs.org/effect/-/effect-3.21.4.tgz",
      "integrity": "sha512-B89v/xSgPbl1J2Ai2u18jxq3odpFauU1rC6/eSs4FeNHi72kwKdJp12VGigvRV2lK+kRnx+OOz41XV8guZd4gQ==",
      "license": "MIT",
      "dependencies": {
        "@standard-schema/spec": "^1.0.0",
        "fast-check": "^3.23.1"
      }
    },
    "node_modules/esbuild": {
      "version": "0.28.1",
      "resolved": "https://registry.npmjs.org/esbuild/-/esbuild-0.28.1.tgz",
      "integrity": "sha512-HrJrvZv5ayxBzPfwphOoNzkzOIIlifzk0KJrGK2c8R4+LKpMtpYLQeUdjnwjWv/LZlkH2laZk+4w78pi99D4Vw==",
      "dev": true,
      "hasInstallScript": true,
      "license": "MIT",
      "bin": {
        "esbuild": "bin/esbuild"
      },
      "engines": {
        "node": ">=18"
      },
      "optionalDependencies": {
        "@esbuild/aix-ppc64": "0.28.1",
        "@esbuild/android-arm": "0.28.1",
        "@esbuild/android-arm64": "0.28.1",
        "@esbuild/android-x64": "0.28.1",
        "@esbuild/darwin-arm64": "0.28.1",
        "@esbuild/darwin-x64": "0.28.1",
        "@esbuild/freebsd-arm64": "0.28.1",
        "@esbuild/freebsd-x64": "0.28.1",
        "@esbuild/linux-arm": "0.28.1",
        "@esbuild/linux-arm64": "0.28.1",
        "@esbuild/linux-ia32": "0.28.1",
        "@esbuild/linux-loong64": "0.28.1",
        "@esbuild/linux-mips64el": "0.28.1",
        "@esbuild/linux-ppc64": "0.28.1",
        "@esbuild/linux-riscv64": "0.28.1",
        "@esbuild/linux-s390x": "0.28.1",
        "@esbuild/linux-x64": "0.28.1",
        "@esbuild/netbsd-arm64": "0.28.1",
        "@esbuild/netbsd-x64": "0.28.1",
        "@esbuild/openbsd-arm64": "0.28.1",
        "@esbuild/openbsd-x64": "0.28.1",
        "@esbuild/openharmony-arm64": "0.28.1",
        "@esbuild/sunos-x64": "0.28.1",
        "@esbuild/win32-arm64": "0.28.1",
        "@esbuild/win32-ia32": "0.28.1",
        "@esbuild/win32-x64": "0.28.1"
      }
    },
    "node_modules/fast-check": {
      "version": "3.23.2",
      "resolved": "https://registry.npmjs.org/fast-check/-/fast-check-3.23.2.tgz",
      "integrity": "sha512-h5+1OzzfCC3Ef7VbtKdcv7zsstUQwUDlYpUTvjeUsJAssPgLn7QzbboPtL5ro04Mq0rPOsMzl7q5hIbRs2wD1A==",
      "funding": [
        {
          "type": "individual",
          "url": "https://github.com/sponsors/dubzzz"
        },
        {
          "type": "opencollective",
          "url": "https://opencollective.com/fast-check"
        }
      ],
      "license": "MIT",
      "dependencies": {
        "pure-rand": "^6.1.0"
      },
      "engines": {
        "node": ">=8.0.0"
      }
    },
    "node_modules/find-my-way-ts": {
      "version": "0.1.6",
      "resolved": "https://registry.npmjs.org/find-my-way-ts/-/find-my-way-ts-0.1.6.tgz",
      "integrity": "sha512-a85L9ZoXtNAey3Y6Z+eBWW658kO/MwR7zIafkIUPUMf3isZG0NCs2pjW2wtjxAKuJPxMAsHUIP4ZPGv0o5gyTA==",
      "license": "MIT"
    },
    "node_modules/fsevents": {
      "version": "2.3.3",
      "resolved": "https://registry.npmjs.org/fsevents/-/fsevents-2.3.3.tgz",
      "integrity": "sha512-5xoDfX+fL7faATnagmWPpbFtwh/R77WmMMqqHGS65C3vvB0YHrgF+B1YmZ3441tMj5n63k0212XNoJwzlhffQw==",
      "dev": true,
      "hasInstallScript": true,
      "license": "MIT",
      "optional": true,
      "os": [
        "darwin"
      ],
      "engines": {
        "node": "^8.16.0 || ^10.6.0 || >=11.0.0"
      }
    },
    "node_modules/make-error": {
      "version": "1.3.6",
      "resolved": "https://registry.npmjs.org/make-error/-/make-error-1.3.6.tgz",
      "integrity": "sha512-s8UhlNe7vPKomQhC1qFelMokr/Sc3AgNbso3n74mVPA5LTZwkB9NlXf4XPamLxJE8h0gh73rM94xvwRT2CVInw==",
      "dev": true,
      "license": "ISC"
    },
    "node_modules/multipasta": {
      "version": "0.2.8",
      "resolved": "https://registry.npmjs.org/multipasta/-/multipasta-0.2.8.tgz",
      "integrity": "sha512-ZPWuMKyv0cSO29f7hozp+k6+crZbQijV8ipMvxNxRf2SwtYGTX1ZX89Kd20VV4H9Znonx+EQn+iy1wGQsJ+b+Q==",
      "license": "MIT"
    },
    "node_modules/pure-rand": {
      "version": "6.1.0",
      "resolved": "https://registry.npmjs.org/pure-rand/-/pure-rand-6.1.0.tgz",
      "integrity": "sha512-bVWawvoZoBYpp6yIoQtQXHZjmz35RSVHnUOTefl8Vcjr8snTPY1wnpSPMWekcFwbxI6gtmT7rSYPFvz71ldiOA==",
      "funding": [
        {
          "type": "individual",
          "url": "https://github.com/sponsors/dubzzz"
        },
        {
          "type": "opencollective",
          "url": "https://opencollective.com/fast-check"
        }
      ],
      "license": "MIT"
    },
    "node_modules/ts-node": {
      "version": "10.9.2",
      "resolved": "https://registry.npmjs.org/ts-node/-/ts-node-10.9.2.tgz",
      "integrity": "sha512-f0FFpIdcHgn8zcPSbf1dRevwt047YMnaiJM3u2w2RewrB+fob/zePZcrOyQoLMMO7aBIddLcQIEK5dYjkLnGrQ==",
      "dev": true,
      "license": "MIT",
      "dependencies": {
        "@cspotcode/source-map-support": "^0.8.0",
        "@tsconfig/node10": "^1.0.7",
        "@tsconfig/node12": "^1.0.7",
        "@tsconfig/node14": "^1.0.0",
        "@tsconfig/node16": "^1.0.2",
        "acorn": "^8.4.1",
        "acorn-walk": "^8.1.1",
        "arg": "^4.1.0",
        "create-require": "^1.1.0",
        "diff": "^4.0.1",
        "make-error": "^1.1.1",
        "v8-compile-cache-lib": "^3.0.1",
        "yn": "3.1.1"
      },
      "bin": {
        "ts-node": "dist/bin.js",
        "ts-node-cwd": "dist/bin-cwd.js",
        "ts-node-esm": "dist/bin-esm.js",
        "ts-node-script": "dist/bin-script.js",
        "ts-node-transpile-only": "dist/bin-transpile.js",
        "ts-script": "dist/bin-script-deprecated.js"
      },
      "peerDependencies": {
        "@swc/core": ">=1.2.50",
        "@swc/wasm": ">=1.2.50",
        "@types/node": "*",
        "typescript": ">=2.7"
      },
      "peerDependenciesMeta": {
        "@swc/core": {
          "optional": true
        },
        "@swc/wasm": {
          "optional": true
        }
      }
    },
    "node_modules/tsx": {
      "version": "4.23.0",
      "resolved": "https://registry.npmjs.org/tsx/-/tsx-4.23.0.tgz",
      "integrity": "sha512-eUdUIaCr963q2h5u3+QwvYp0+eqPvn+egeqZUm0hwERCqqx1E3kK5ehbGCvqSE5MQAULr67ww0cA3jKc3YkM1w==",
      "dev": true,
      "license": "MIT",
      "dependencies": {
        "esbuild": "~0.28.0"
      },
      "bin": {
        "tsx": "dist/cli.mjs"
      },
      "engines": {
        "node": ">=18.0.0"
      },
      "optionalDependencies": {
        "fsevents": "~2.3.3"
      }
    },
    "node_modules/typescript": {
      "version": "5.9.3",
      "resolved": "https://registry.npmjs.org/typescript/-/typescript-5.9.3.tgz",
      "integrity": "sha512-jl1vZzPDinLr9eUt3J/t7V6FgNEw9QjvBPdysz9KfQDD41fQrC2Y4vKQdiaUpFT4bXlb1RHhLpp8wtm6M5TgSw==",
      "dev": true,
      "license": "Apache-2.0",
      "bin": {
        "tsc": "bin/tsc",
        "tsserver": "bin/tsserver"
      },
      "engines": {
        "node": ">=14.17"
      }
    },
    "node_modules/undici-types": {
      "version": "8.3.0",
      "resolved": "https://registry.npmjs.org/undici-types/-/undici-types-8.3.0.tgz",
      "integrity": "sha512-j375ScV60dom+YkPFIfTLcOiPxkN/buHz5GobjLhixFuANaNs3C9l4GmrWqejgXWJ7BbJcFYpTEUkS1Ge8bpZQ==",
      "dev": true,
      "license": "MIT",
      "peer": true
    },
    "node_modules/v8-compile-cache-lib": {
      "version": "3.0.1",
      "resolved": "https://registry.npmjs.org/v8-compile-cache-lib/-/v8-compile-cache-lib-3.0.1.tgz",
      "integrity": "sha512-wa7YjyUGfNZngI/vtK0UHAN+lgDCxBPCylVXGp0zu59Fz5aiGtNXaq3DhIov063MorB+VfufLh3JlF2KdTK3xg==",
      "dev": true,
      "license": "MIT"
    },
    "node_modules/yn": {
      "version": "3.1.1",
      "resolved": "https://registry.npmjs.org/yn/-/yn-3.1.1.tgz",
      "integrity": "sha512-Ux4ygGWsu2c7isFWe8Yu1YluJmqVhxqK2cLXNQA5AcC3QfbGNpM7fu0Y8b/z16pXLnFxZYvWhd3fhBY9DLmC6Q==",
      "dev": true,
      "license": "MIT",
      "engines": {
        "node": ">=6"
      }
    }
  }
}
